// !$*UTF8*$!
{
	archiveVersion = 1;
	classes = {
	};
	objectVersion = 56;
	objects = {

/* Begin PBXBuildFile section */
		9DD424002AC6821E0028D1FF /* AppDelegate.swift in Sources */ = {isa = PBXBuildFile; fileRef = 9DD423FF2AC6821E0028D1FF /* AppDelegate.swift */; };
		9DD424022AC6821E0028D1FF /* SceneDelegate.swift in Sources */ = {isa = PBXBuildFile; fileRef = 9DD424012AC6821E0028D1FF /* SceneDelegate.swift */; };
		9DD424042AC6821E0028D1FF /* ViewController.swift in Sources */ = {isa = PBXBuildFile; fileRef = 9DD424032AC6821E0028D1FF /* ViewController.swift */; };
		9DD424072AC6821E0028D1FF /* Main.storyboard in Resources */ = {isa = PBXBuildFile; fileRef = 9DD424052AC6821E0028D1FF /* Main.storyboard */; };
		9DD424092AC6821F0028D1FF /* Assets.xcassets in Resources */ = {isa = PBXBuildFile; fileRef = 9DD424082AC6821F0028D1FF /* Assets.xcassets */; };
		9DD4240C2AC6821F0028D1FF /* LaunchScreen.storyboard in Resources */ = {isa = PBXBuildFile; fileRef = 9DD4240A2AC6821F0028D1FF /* LaunchScreen.storyboard */; };
		9DD424152AC6829E0028D1FF /* User.swift in Sources */ = {isa = PBXBuildFile; fileRef = 9DD424142AC6829E0028D1FF /* User.swift */; };
		9DD424172AC683930028D1FF /* Post.swift in Sources */ = {isa = PBXBuildFile; fileRef = 9DD424162AC683930028D1FF /* Post.swift */; };
		9DD424192AC6844E0028D1FF /* Comment.swift in Sources */ = {isa = PBXBuildFile; fileRef = 9DD424182AC6844E0028D1FF /* Comment.swift */; };
		9DD4241B2AC684A60028D1FF /* Notification.swift in Sources */ = {isa = PBXBuildFile; fileRef = 9DD4241A2AC684A60028D1FF /* Notification.swift */; };
		9DD4241D2AC685940028D1FF /* Message.swift in Sources */ = {isa = PBXBuildFile; fileRef = 9DD4241C2AC685940028D1FF /* Message.swift */; };
		9DD424222AC6864E0028D1FF /* ChatCell.swift in Sources */ = {isa = PBXBuildFile; fileRef = 9DD424212AC6864E0028D1FF /* ChatCell.swift */; };
		9DD424252AC689000028D1FF /* Extensions.swift in Sources */ = {isa = PBXBuildFile; fileRef = 9DD424242AC689000028D1FF /* Extensions.swift */; };
		9DD424272AC6A1AD0028D1FF /* ConversationCell.swift in Sources */ = {isa = PBXBuildFile; fileRef = 9DD424262AC6A1AD0028D1FF /* ConversationCell.swift */; };
		9DD4242A2AC6A5E90028D1FF /* MessageViewModel.swift in Sources */ = {isa = PBXBuildFile; fileRef = 9DD424292AC6A5E90028D1FF /* MessageViewModel.swift */; };
/* End PBXBuildFile section */

/* Begin PBXFileReference section */
		9DD423FC2AC6821E0028D1FF /* InstagramClone.app */ = {isa = PBXFileReference; explicitFileType = wrapper.application; includeInIndex = 0; path = InstagramClone.app; sourceTree = BUILT_PRODUCTS_DIR; };
		9DD423FF2AC6821E0028D1FF /* AppDelegate.swift */ = {isa = PBXFileReference; lastKnownFileType = sourcecode.swift; path = AppDelegate.swift; sourceTree = "<group>"; };
		9DD424012AC6821E0028D1FF /* SceneDelegate.swift */ = {isa = PBXFileReference; lastKnownFileType = sourcecode.swift; path = SceneDelegate.swift; sourceTree = "<group>"; };
		9DD424032AC6821E0028D1FF /* ViewController.swift */ = {isa = PBXFileReference; lastKnownFileType = sourcecode.swift; path = ViewController.swift; sourceTree = "<group>"; };
		9DD424062AC6821E0028D1FF /* Base */ = {isa = PBXFileReference; lastKnownFileType = file.storyboard; name = Base; path = Base.lproj/Main.storyboard; sourceTree = "<group>"; };
		9DD424082AC6821F0028D1FF /* Assets.xcassets */ = {isa = PBXFileReference; lastKnownFileType = folder.assetcatalog; path = Assets.xcassets; sourceTree = "<group>"; };
		9DD4240B2AC6821F0028D1FF /* Base */ = {isa = PBXFileReference; lastKnownFileType = file.storyboard; name = Base; path = Base.lproj/LaunchScreen.storyboard; sourceTree = "<group>"; };
		9DD4240D2AC6821F0028D1FF /* Info.plist */ = {isa = PBXFileReference; lastKnownFileType = text.plist.xml; path = Info.plist; sourceTree = "<group>"; };
		9DD424142AC6829E0028D1FF /* User.swift */ = {isa = PBXFileReference; lastKnownFileType = sourcecode.swift; path = User.swift; sourceTree = "<group>"; };
		9DD424162AC683930028D1FF /* Post.swift */ = {isa = PBXFileReference; lastKnownFileType = sourcecode.swift; path = Post.swift; sourceTree = "<group>"; };
		9DD424182AC6844E0028D1FF /* Comment.swift */ = {isa = PBXFileReference; lastKnownFileType = sourcecode.swift; path = Comment.swift; sourceTree = "<group>"; };
		9DD4241A2AC684A60028D1FF /* Notification.swift */ = {isa = PBXFileReference; lastKnownFileType = sourcecode.swift; path = Notification.swift; sourceTree = "<group>"; };
		9DD4241C2AC685940028D1FF /* Message.swift */ = {isa = PBXFileReference; lastKnownFileType = sourcecode.swift; path = Message.swift; sourceTree = "<group>"; };
		9DD424212AC6864E0028D1FF /* ChatCell.swift */ = {isa = PBXFileReference; lastKnownFileType = sourcecode.swift; path = ChatCell.swift; sourceTree = "<group>"; };
		9DD424242AC689000028D1FF /* Extensions.swift */ = {isa = PBXFileReference; lastKnownFileType = sourcecode.swift; path = Extensions.swift; sourceTree = "<group>"; };
		9DD424262AC6A1AD0028D1FF /* ConversationCell.swift */ = {isa = PBXFileReference; lastKnownFileType = sourcecode.swift; path = ConversationCell.swift; sourceTree = "<group>"; };
		9DD424292AC6A5E90028D1FF /* MessageViewModel.swift */ = {isa = PBXFileReference; lastKnownFileType = sourcecode.swift; path = MessageViewModel.swift; sourceTree = "<group>"; };
/* End PBXFileReference section */

/* Begin PBXFrameworksBuildPhase section */
		9DD423F92AC6821E0028D1FF /* Frameworks */ = {
			isa = PBXFrameworksBuildPhase;
			buildActionMask = 2147483647;
			files = (
			);
			runOnlyForDeploymentPostprocessing = 0;
		};
/* End PBXFrameworksBuildPhase section */

/* Begin PBXGroup section */
		9DD423F32AC6821E0028D1FF = {
			isa = PBXGroup;
			children = (
				9DD423FE2AC6821E0028D1FF /* InstagramClone */,
				9DD423FD2AC6821E0028D1FF /* Products */,
			);
			sourceTree = "<group>";
		};
		9DD423FD2AC6821E0028D1FF /* Products */ = {
			isa = PBXGroup;
			children = (
				9DD423FC2AC6821E0028D1FF /* InstagramClone.app */,
			);
			name = Products;
			sourceTree = "<group>";
		};
		9DD423FE2AC6821E0028D1FF /* InstagramClone */ = {
			isa = PBXGroup;
			children = (
				9DD424132AC682970028D1FF /* Model */,
				9DD4241E2AC686260028D1FF /* View */,
				9DD424232AC688F40028D1FF /* Utils */,
				9DD423FF2AC6821E0028D1FF /* AppDelegate.swift */,
				9DD424012AC6821E0028D1FF /* SceneDelegate.swift */,
				9DD424032AC6821E0028D1FF /* ViewController.swift */,
				9DD424052AC6821E0028D1FF /* Main.storyboard */,
				9DD424082AC6821F0028D1FF /* Assets.xcassets */,
				9DD4240A2AC6821F0028D1FF /* LaunchScreen.storyboard */,
				9DD4240D2AC6821F0028D1FF /* Info.plist */,
			);
			path = InstagramClone;
			sourceTree = "<group>";
		};
		9DD424132AC682970028D1FF /* Model */ = {
			isa = PBXGroup;
			children = (
				9DD424142AC6829E0028D1FF /* User.swift */,
				9DD424162AC683930028D1FF /* Post.swift */,
				9DD424182AC6844E0028D1FF /* Comment.swift */,
				9DD4241A2AC684A60028D1FF /* Notification.swift */,
				9DD4241C2AC685940028D1FF /* Message.swift */,
			);
			path = Model;
			sourceTree = "<group>";
		};
		9DD4241E2AC686260028D1FF /* View */ = {
			isa = PBXGroup;
			children = (
				9DD4241F2AC6862E0028D1FF /* Messaging */,
				9DD424202AC686330028D1FF /* Profile */,
				9DD424282AC6A5CE0028D1FF /* ViewModel */,
			);
			path = View;
			sourceTree = "<group>";
		};
		9DD4241F2AC6862E0028D1FF /* Messaging */ = {
			isa = PBXGroup;
			children = (
				9DD424212AC6864E0028D1FF /* ChatCell.swift */,
				9DD424262AC6A1AD0028D1FF /* ConversationCell.swift */,
			);
			path = Messaging;
			sourceTree = "<group>";
		};
		9DD424202AC686330028D1FF /* Profile */ = {
			isa = PBXGroup;
			children = (
			);
			path = Profile;
			sourceTree = "<group>";
		};
		9DD424232AC688F40028D1FF /* Utils */ = {
			isa = PBXGroup;
			children = (
				9DD424242AC689000028D1FF /* Extensions.swift */,
			);
			path = Utils;
			sourceTree = "<group>";
		};
		9DD424282AC6A5CE0028D1FF /* ViewModel */ = {
			isa = PBXGroup;
			children = (
				9DD424292AC6A5E90028D1FF /* MessageViewModel.swift */,
			);
			path = ViewModel;
			sourceTree = "<group>";
		};
/* End PBXGroup section */

/* Begin PBXNativeTarget section */
		9DD423FB2AC6821E0028D1FF /* InstagramClone */ = {
			isa = PBXNativeTarget;
			buildConfigurationList = 9DD424102AC6821F0028D1FF /* Build configuration list for PBXNativeTarget "InstagramClone" */;
			buildPhases = (
				9DD423F82AC6821E0028D1FF /* Sources */,
				9DD423F92AC6821E0028D1FF /* Frameworks */,
				9DD423FA2AC6821E0028D1FF /* Resources */,
			);
			buildRules = (
			);
			dependencies = (
			);
			name = InstagramClone;
			productName = InstagramClone;
			productReference = 9DD423FC2AC6821E0028D1FF /* InstagramClone.app */;
			productType = "com.apple.product-type.application";
		};
/* End PBXNativeTarget section */

/* Begin PBXProject section */
		9DD423F42AC6821E0028D1FF /* Project object */ = {
			isa = PBXProject;
			attributes = {
				BuildIndependentTargetsInParallel = 1;
				LastSwiftUpdateCheck = 1430;
				LastUpgradeCheck = 1430;
				TargetAttributes = {
					9DD423FB2AC6821E0028D1FF = {
						CreatedOnToolsVersion = 14.3.1;
					};
				};
			};
			buildConfigurationList = 9DD423F72AC6821E0028D1FF /* Build configuration list for PBXProject "InstagramClone" */;
			compatibilityVersion = "Xcode 14.0";
			developmentRegion = en;
			hasScannedForEncodings = 0;
			knownRegions = (
				en,
				Base,
			);
			mainGroup = 9DD423F32AC6821E0028D1FF;
			productRefGroup = 9DD423FD2AC6821E0028D1FF /* Products */;
			projectDirPath = "";
			projectRoot = "";
			targets = (
				9DD423FB2AC6821E0028D1FF /* InstagramClone */,
			);
		};
/* End PBXProject section */

/* Begin PBXResourcesBuildPhase section */
		9DD423FA2AC6821E0028D1FF /* Resources */ = {
			isa = PBXResourcesBuildPhase;
			buildActionMask = 2147483647;
			files = (
				9DD4240C2AC6821F0028D1FF /* LaunchScreen.storyboard in Resources */,
				9DD424092AC6821F0028D1FF /* Assets.xcassets in Resources */,
				9DD424072AC6821E0028D1FF /* Main.storyboard in Resources */,
			);
			runOnlyForDeploymentPostprocessing = 0;
		};
/* End PBXResourcesBuildPhase section */

/* Begin PBXSourcesBuildPhase section */
		9DD423F82AC6821E0028D1FF /* Sources */ = {
			isa = PBXSourcesBuildPhase;
			buildActionMask = 2147483647;
			files = (
				9DD424152AC6829E0028D1FF /* User.swift in Sources */,
				9DD424272AC6A1AD0028D1FF /* ConversationCell.swift in Sources */,
				9DD424192AC6844E0028D1FF /* Comment.swift in Sources */,
				9DD424222AC6864E0028D1FF /* ChatCell.swift in Sources */,
				9DD424042AC6821E0028D1FF /* ViewController.swift in Sources */,
				9DD4241B2AC684A60028D1FF /* Notification.swift in Sources */,
				9DD424252AC689000028D1FF /* Extensions.swift in Sources */,
				9DD424002AC6821E0028D1FF /* AppDelegate.swift in Sources */,
				9DD4241D2AC685940028D1FF /* Message.swift in Sources */,
				9DD424022AC6821E0028D1FF /* SceneDelegate.swift in Sources */,
				9DD4242A2AC6A5E90028D1FF /* MessageViewModel.swift in Sources */,
				9DD424172AC683930028D1FF /* Post.swift in Sources */,
			);
			runOnlyForDeploymentPostprocessing = 0;
		};
/* End PBXSourcesBuildPhase section */

/* Begin PBXVariantGroup section */
		9DD424052AC6821E0028D1FF /* Main.storyboard */ = {
			isa = PBXVariantGroup;
			children = (
				9DD424062AC6821E0028D1FF /* Base */,
			);
			name = Main.storyboard;
			sourceTree = "<group>";
		};
		9DD4240A2AC6821F0028D1FF /* LaunchScreen.storyboard */ = {
			isa = PBXVariantGroup;
			children = (
				9DD4240B2AC6821F0028D1FF /* Base */,
			);
			name = LaunchScreen.storyboard;
			sourceTree = "<group>";
		};
/* End PBXVariantGroup section */

/* Begin XCBuildConfiguration section */
		9DD4240E2AC6821F0028D1FF /* Debug */ = {
			isa = XCBuildConfiguration;
			buildSettings = {
				ALWAYS_SEARCH_USER_PATHS = NO;
				CLANG_ANALYZER_NONNULL = YES;
				CLANG_ANALYZER_NUMBER_OBJECT_CONVERSION = YES_AGGRESSIVE;
				CLANG_CXX_LANGUAGE_STANDARD = "gnu++20";
				CLANG_ENABLE_MODULES = YES;
				CLANG_ENABLE_OBJC_ARC = YES;
				CLANG_ENABLE_OBJC_WEAK = YES;
				CLANG_WARN_BLOCK_CAPTURE_AUTORELEASING = YES;
				CLANG_WARN_BOOL_CONVERSION = YES;
				CLANG_WARN_COMMA = YES;
				CLANG_WARN_CONSTANT_CONVERSION = YES;
				CLANG_WARN_DEPRECATED_OBJC_IMPLEMENTATIONS = YES;
				CLANG_WARN_DIRECT_OBJC_ISA_USAGE = YES_ERROR;
				CLANG_WARN_DOCUMENTATION_COMMENTS = YES;
				CLANG_WARN_EMPTY_BODY = YES;
				CLANG_WARN_ENUM_CONVERSION = YES;
				CLANG_WARN_INFINITE_RECURSION = YES;
				CLANG_WARN_INT_CONVERSION = YES;
				CLANG_WARN_NON_LITERAL_NULL_CONVERSION = YES;
				CLANG_WARN_OBJC_IMPLICIT_RETAIN_SELF = YES;
				CLANG_WARN_OBJC_LITERAL_CONVERSION = YES;
				CLANG_WARN_OBJC_ROOT_CLASS = YES_ERROR;
				CLANG_WARN_QUOTED_INCLUDE_IN_FRAMEWORK_HEADER = YES;
				CLANG_WARN_RANGE_LOOP_ANALYSIS = YES;
				CLANG_WARN_STRICT_PROTOTYPES = YES;
				CLANG_WARN_SUSPICIOUS_MOVE = YES;
				CLANG_WARN_UNGUARDED_AVAILABILITY = YES_AGGRESSIVE;
				CLANG_WARN_UNREACHABLE_CODE = YES;
				CLANG_WARN__DUPLICATE_METHOD_MATCH = YES;
				COPY_PHASE_STRIP = NO;
				DEBUG_INFORMATION_FORMAT = dwarf;
				ENABLE_STRICT_OBJC_MSGSEND = YES;
				ENABLE_TESTABILITY = YES;
				GCC_C_LANGUAGE_STANDARD = gnu11;
				GCC_DYNAMIC_NO_PIC = NO;
				GCC_NO_COMMON_BLOCKS = YES;
				GCC_OPTIMIZATION_LEVEL = 0;
				GCC_PREPROCESSOR_DEFINITIONS = (
					"DEBUG=1",
					"$(inherited)",
				);
				GCC_WARN_64_TO_32_BIT_CONVERSION = YES;
				GCC_WARN_ABOUT_RETURN_TYPE = YES_ERROR;
				GCC_WARN_UNDECLARED_SELECTOR = YES;
				GCC_WARN_UNINITIALIZED_AUTOS = YES_AGGRESSIVE;
				GCC_WARN_UNUSED_FUNCTION = YES;
				GCC_WARN_UNUSED_VARIABLE = YES;
				IPHONEOS_DEPLOYMENT_TARGET = 16.4;
				MTL_ENABLE_DEBUG_INFO = INCLUDE_SOURCE;
				MTL_FAST_MATH = YES;
				ONLY_ACTIVE_ARCH = YES;
				SDKROOT = iphoneos;
				SWIFT_ACTIVE_COMPILATION_CONDITIONS = DEBUG;
				SWIFT_OPTIMIZATION_LEVEL = "-Onone";
			};
			name = Debug;
		};
		9DD4240F2AC6821F0028D1FF /* Release */ = {
			isa = XCBuildConfiguration;
			buildSettings = {
				ALWAYS_SEARCH_USER_PATHS = NO;
				CLANG_ANALYZER_NONNULL = YES;
				CLANG_ANALYZER_NUMBER_OBJECT_CONVERSION = YES_AGGRESSIVE;
				CLANG_CXX_LANGUAGE_STANDARD = "gnu++20";
				CLANG_ENABLE_MODULES = YES;
				CLANG_ENABLE_OBJC_ARC = YES;
				CLANG_ENABLE_OBJC_WEAK = YES;
				CLANG_WARN_BLOCK_CAPTURE_AUTORELEASING = YES;
				CLANG_WARN_BOOL_CONVERSION = YES;
				CLANG_WARN_COMMA = YES;
				CLANG_WARN_CONSTANT_CONVERSION = YES;
				CLANG_WARN_DEPRECATED_OBJC_IMPLEMENTATIONS = YES;
				CLANG_WARN_DIRECT_OBJC_ISA_USAGE = YES_ERROR;
				CLANG_WARN_DOCUMENTATION_COMMENTS = YES;
				CLANG_WARN_EMPTY_BODY = YES;
				CLANG_WARN_ENUM_CONVERSION = YES;
				CLANG_WARN_INFINITE_RECURSION = YES;
				CLANG_WARN_INT_CONVERSION = YES;
				CLANG_WARN_NON_LITERAL_NULL_CONVERSION = YES;
				CLANG_WARN_OBJC_IMPLICIT_RETAIN_SELF = YES;
				CLANG_WARN_OBJC_LITERAL_CONVERSION = YES;
				CLANG_WARN_OBJC_ROOT_CLASS = YES_ERROR;
				CLANG_WARN_QUOTED_INCLUDE_IN_FRAMEWORK_HEADER = YES;
				CLANG_WARN_RANGE_LOOP_ANALYSIS = YES;
				CLANG_WARN_STRICT_PROTOTYPES = YES;
				CLANG_WARN_SUSPICIOUS_MOVE = YES;
				CLANG_WARN_UNGUARDED_AVAILABILITY = YES_AGGRESSIVE;
				CLANG_WARN_UNREACHABLE_CODE = YES;
				CLANG_WARN__DUPLICATE_METHOD_MATCH = YES;
				COPY_PHASE_STRIP = NO;
				DEBUG_INFORMATION_FORMAT = "dwarf-with-dsym";
				ENABLE_NS_ASSERTIONS = NO;
				ENABLE_STRICT_OBJC_MSGSEND = YES;
				GCC_C_LANGUAGE_STANDARD = gnu11;
				GCC_NO_COMMON_BLOCKS = YES;
				GCC_WARN_64_TO_32_BIT_CONVERSION = YES;
				GCC_WARN_ABOUT_RETURN_TYPE = YES_ERROR;
				GCC_WARN_UNDECLARED_SELECTOR = YES;
				GCC_WARN_UNINITIALIZED_AUTOS = YES_AGGRESSIVE;
				GCC_WARN_UNUSED_FUNCTION = YES;
				GCC_WARN_UNUSED_VARIABLE = YES;
				IPHONEOS_DEPLOYMENT_TARGET = 16.4;
				MTL_ENABLE_DEBUG_INFO = NO;
				MTL_FAST_MATH = YES;
				SDKROOT = iphoneos;
				SWIFT_COMPILATION_MODE = wholemodule;
				SWIFT_OPTIMIZATION_LEVEL = "-O";
				VALIDATE_PRODUCT = YES;
			};
			name = Release;
		};
		9DD424112AC6821F0028D1FF /* Debug */ = {
			isa = XCBuildConfiguration;
			buildSettings = {
				ASSETCATALOG_COMPILER_APPICON_NAME = AppIcon;
				ASSETCATALOG_COMPILER_GLOBAL_ACCENT_COLOR_NAME = AccentColor;
				CODE_SIGN_STYLE = Automatic;
				CURRENT_PROJECT_VERSION = 1;
				DEVELOPMENT_TEAM = ZDJ95T6M99;
				GENERATE_INFOPLIST_FILE = YES;
				INFOPLIST_FILE = InstagramClone/Info.plist;
				INFOPLIST_KEY_UIApplicationSupportsIndirectInputEvents = YES;
				INFOPLIST_KEY_UILaunchStoryboardName = LaunchScreen;
				INFOPLIST_KEY_UIMainStoryboardFile = Main;
				INFOPLIST_KEY_UISupportedInterfaceOrientations_iPad = "UIInterfaceOrientationPortrait UIInterfaceOrientationPortraitUpsideDown UIInterfaceOrientationLandscapeLeft UIInterfaceOrientationLandscapeRight";
				INFOPLIST_KEY_UISupportedInterfaceOrientations_iPhone = "UIInterfaceOrientationPortrait UIInterfaceOrientationLandscapeLeft UIInterfaceOrientationLandscapeRight";
				LD_RUNPATH_SEARCH_PATHS = (
					"$(inherited)",
					"@executable_path/Frameworks",
				);
				MARKETING_VERSION = 1.0;
				PRODUCT_BUNDLE_IDENTIFIER = io.woozoobro.InstagramClone;
				PRODUCT_NAME = "$(TARGET_NAME)";
				SWIFT_EMIT_LOC_STRINGS = YES;
				SWIFT_VERSION = 5.0;
				TARGETED_DEVICE_FAMILY = "1,2";
			};
			name = Debug;
		};
		9DD424122AC6821F0028D1FF /* Release */ = {
			isa = XCBuildConfiguration;
			buildSettings = {
				ASSETCATALOG_COMPILER_APPICON_NAME = AppIcon;
				ASSETCATALOG_COMPILER_GLOBAL_ACCENT_COLOR_NAME = AccentColor;
				CODE_SIGN_STYLE = Automatic;
				CURRENT_PROJECT_VERSION = 1;
				DEVELOPMENT_TEAM = ZDJ95T6M99;
				GENERATE_INFOPLIST_FILE = YES;
				INFOPLIST_FILE = InstagramClone/Info.plist;
				INFOPLIST_KEY_UIApplicationSupportsIndirectInputEvents = YES;
				INFOPLIST_KEY_UILaunchStoryboardName = LaunchScreen;
				INFOPLIST_KEY_UIMainStoryboardFile = Main;
				INFOPLIST_KEY_UISupportedInterfaceOrientations_iPad = "UIInterfaceOrientationPortrait UIInterfaceOrientationPortraitUpsideDown UIInterfaceOrientationLandscapeLeft UIInterfaceOrientationLandscapeRight";
				INFOPLIST_KEY_UISupportedInterfaceOrientations_iPhone = "UIInterfaceOrientationPortrait UIInterfaceOrientationLandscapeLeft UIInterfaceOrientationLandscapeRight";
				LD_RUNPATH_SEARCH_PATHS = (
					"$(inherited)",
					"@executable_path/Frameworks",
				);
				MARKETING_VERSION = 1.0;
				PRODUCT_BUNDLE_IDENTIFIER = io.woozoobro.InstagramClone;
				PRODUCT_NAME = "$(TARGET_NAME)";
				SWIFT_EMIT_LOC_STRINGS = YES;
				SWIFT_VERSION = 5.0;
				TARGETED_DEVICE_FAMILY = "1,2";
			};
			name = Release;
		};
/* End XCBuildConfiguration section */

/* Begin XCConfigurationList section */
		9DD423F72AC6821E0028D1FF /* Build configuration list for PBXProject "InstagramClone" */ = {
			isa = XCConfigurationList;
			buildConfigurations = (
				9DD4240E2AC6821F0028D1FF /* Debug */,
				9DD4240F2AC6821F0028D1FF /* Release */,
			);
			defaultConfigurationIsVisible = 0;
			defaultConfigurationName = Release;
		};
		9DD424102AC6821F0028D1FF /* Build configuration list for PBXNativeTarget "InstagramClone" */ = {
			isa = XCConfigurationList;
			buildConfigurations = (
				9DD424112AC6821F0028D1FF /* Debug */,
				9DD424122AC6821F0028D1FF /* Release */,
			);
			defaultConfigurationIsVisible = 0;
			defaultConfigurationName = Release;
		};
/* End XCConfigurationList section */
	};
	rootObject = 9DD423F42AC6821E0028D1FF /* Project object */;
}
